// !$*UTF8*$!
{
	archiveVersion = 1;
	classes = {
	};
	objectVersion = 46;
	objects = {

/* Begin PBXBuildFile section */
		D295DBFD1D1B29FC00BD74B2 /* AppDelegate.swift in Sources */ = {isa = PBXBuildFile; fileRef = D295DBFC1D1B29FC00BD74B2 /* AppDelegate.swift */; };
		D295DBFF1D1B29FC00BD74B2 /* ViewController.swift in Sources */ = {isa = PBXBuildFile; fileRef = D295DBFE1D1B29FC00BD74B2 /* ViewController.swift */; };
		D295DC021D1B29FC00BD74B2 /* Main.storyboard in Resources */ = {isa = PBXBuildFile; fileRef = D295DC001D1B29FC00BD74B2 /* Main.storyboard */; };
		D295DC041D1B29FC00BD74B2 /* Assets.xcassets in Resources */ = {isa = PBXBuildFile; fileRef = D295DC031D1B29FC00BD74B2 /* Assets.xcassets */; };
		D295DC071D1B29FC00BD74B2 /* LaunchScreen.storyboard in Resources */ = {isa = PBXBuildFile; fileRef = D295DC051D1B29FC00BD74B2 /* LaunchScreen.storyboard */; };
/* End PBXBuildFile section */

/* Begin PBXFileReference section */
		D295DBF91D1B29FB00BD74B2 /* MapView.app */ = {isa = PBXFileReference; explicitFileType = wrapper.application; includeInIndex = 0; path = MapView.app; sourceTree = BUILT_PRODUCTS_DIR; };
		D295DBFC1D1B29FC00BD74B2 /* AppDelegate.swift */ = {isa = PBXFileReference; lastKnownFileType = sourcecode.swift; path = AppDelegate.swift; sourceTree = "<group>"; };
		D295DBFE1D1B29FC00BD74B2 /* ViewController.swift */ = {isa = PBXFileReference; lastKnownFileType = sourcecode.swift; path = ViewController.swift; sourceTree = "<group>"; };
		D295DC011D1B29FC00BD74B2 /* Base */ = {isa = PBXFileReference; lastKnownFileType = file.storyboard; name = Base; path = Base.lproj/Main.storyboard; sourceTree = "<group>"; };
		D295DC031D1B29FC00BD74B2 /* Assets.xcassets */ = {isa = PBXFileReference; lastKnownFileType = folder.assetcatalog; path = Assets.xcassets; sourceTree = "<group>"; };
		D295DC061D1B29FC00BD74B2 /* Base */ = {isa = PBXFileReference; lastKnownFileType = file.storyboard; name = Base; path = Base.lproj/LaunchScreen.storyboard; sourceTree = "<group>"; };
		D295DC081D1B29FC00BD74B2 /* Info.plist */ = {isa = PBXFileReference; lastKnownFileType = text.plist.xml; path = Info.plist; sourceTree = "<group>"; };
/* End PBXFileReference section */

/* Begin PBXFrameworksBuildPhase section */
		D295DBF61D1B29FB00BD74B2 /* Frameworks */ = {
			isa = PBXFrameworksBuildPhase;
			buildActionMask = 2147483647;
			files = (
			);
			runOnlyForDeploymentPostprocessing = 0;
		};
/* End PBXFrameworksBuildPhase section */

/* Begin PBXGroup section */
		D295DBF01D1B29FB00BD74B2 = {
			isa = PBXGroup;
			children = (
				D295DBFB1D1B29FC00BD74B2 /* MapView */,
				D295DBFA1D1B29FB00BD74B2 /* Products */,
			);
			sourceTree = "<group>";
		};
		D295DBFA1D1B29FB00BD74B2 /* Products */ = {
			isa = PBXGroup;
			children = (
				D295DBF91D1B29FB00BD74B2 /* MapView.app */,
			);
			name = Products;
			sourceTree = "<group>";
		};
		D295DBFB1D1B29FC00BD74B2 /* MapView */ = {
			isa = PBXGroup;
			children = (
				D295DBFC1D1B29FC00BD74B2 /* AppDelegate.swift */,
				D295DBFE1D1B29FC00BD74B2 /* ViewController.swift */,
				D295DC001D1B29FC00BD74B2 /* Main.storyboard */,
				D295DC031D1B29FC00BD74B2 /* Assets.xcassets */,
				D295DC051D1B29FC00BD74B2 /* LaunchScreen.storyboard */,
				D295DC081D1B29FC00BD74B2 /* Info.plist */,
			);
			path = MapView;
			sourceTree = "<group>";
		};
/* End PBXGroup section */

/* Begin PBXNativeTarget section */
		D295DBF81D1B29FB00BD74B2 /* MapView */ = {
			isa = PBXNativeTarget;
			buildConfigurationList = D295DC0B1D1B29FC00BD74B2 /* Build configuration list for PBXNativeTarget "MapView" */;
			buildPhases = (
				D295DBF51D1B29FB00BD74B2 /* Sources */,
				D295DBF61D1B29FB00BD74B2 /* Frameworks */,
				D295DBF71D1B29FB00BD74B2 /* Resources */,
			);
			buildRules = (
			);
			dependencies = (
			);
			name = MapView;
			productName = MapView;
			productReference = D295DBF91D1B29FB00BD74B2 /* MapView.app */;
			productType = "com.apple.product-type.application";
		};
/* End PBXNativeTarget section */

/* Begin PBXProject section */
		D295DBF11D1B29FB00BD74B2 /* Project object */ = {
			isa = PBXProject;
			attributes = {
				LastSwiftUpdateCheck = 0730;
				LastUpgradeCheck = 0730;
				ORGANIZATIONNAME = "George Fang";
				TargetAttributes = {
					D295DBF81D1B29FB00BD74B2 = {
						CreatedOnToolsVersion = 7.3.1;
						DevelopmentTeam = WW55ZLJBD7;
					};
				};
			};
			buildConfigurationList = D295DBF41D1B29FB00BD74B2 /* Build configuration list for PBXProject "MapView" */;
			compatibilityVersion = "Xcode 3.2";
			developmentRegion = English;
			hasScannedForEncodings = 0;
			knownRegions = (
				en,
				Base,
			);
			mainGroup = D295DBF01D1B29FB00BD74B2;
			productRefGroup = D295DBFA1D1B29FB00BD74B2 /* Products */;
			projectDirPath = "";
			projectRoot = "";
			targets = (
				D295DBF81D1B29FB00BD74B2 /* MapView */,
			);
		};
/* End PBXProject section */

/* Begin PBXResourcesBuildPhase section */
		D295DBF71D1B29FB00BD74B2 /* Resources */ = {
			isa = PBXResourcesBuildPhase;
			buildActionMask = 2147483647;
			files = (
				D295DC071D1B29FC00BD74B2 /* LaunchScreen.storyboard in Resources */,
				D295DC041D1B29FC00BD74B2 /* Assets.xcassets in Resources */,
				D295DC021D1B29FC00BD74B2 /* Main.storyboard in Resources */,
			);
			runOnlyForDeploymentPostprocessing = 0;
		};
/* End PBXResourcesBuildPhase section */

/* Begin PBXSourcesBuildPhase section */
		D295DBF51D1B29FB00BD74B2 /* Sources */ = {
			isa = PBXSourcesBuildPhase;
			buildActionMask = 2147483647;
			files = (
				D295DBFF1D1B29FC00BD74B2 /* ViewController.swift in Sources */,
				D295DBFD1D1B29FC00BD74B2 /* AppDelegate.swift in Sources */,
			);
			runOnlyForDeploymentPostprocessing = 0;
		};
/* End PBXSourcesBuildPhase section */

/* Begin PBXVariantGroup section */
		D295DC001D1B29FC00BD74B2 /* Main.storyboard */ = {
			isa = PBXVariantGroup;
			children = (
				D295DC011D1B29FC00BD74B2 /* Base */,
			);
			name = Main.storyboard;
			sourceTree = "<group>";
		};
		D295DC051D1B29FC00BD74B2 /* LaunchScreen.storyboard */ = {
			isa = PBXVariantGroup;
			children = (
				D295DC061D1B29FC00BD74B2 /* Base */,
			);
			name = LaunchScreen.storyboard;
			sourceTree = "<group>";
		};
/* End PBXVariantGroup section */

/* Begin XCBuildConfiguration section */
		D295DC091D1B29FC00BD74B2 /* Debug */ = {
			isa = XCBuildConfiguration;
			buildSettings = {
				ALWAYS_SEARCH_USER_PATHS = NO;
				CLANG_ANALYZER_NONNULL = YES;
				CLANG_CXX_LANGUAGE_STANDARD = "gnu++0x";
				CLANG_CXX_LIBRARY = "libc++";
				CLANG_ENABLE_MODULES = YES;
				CLANG_ENABLE_OBJC_ARC = YES;
				CLANG_WARN_BOOL_CONVERSION = YES;
				CLANG_WARN_CONSTANT_CONVERSION = YES;
				CLANG_WARN_DIRECT_OBJC_ISA_USAGE = YES_ERROR;
				CLANG_WARN_EMPTY_BODY = YES;
				CLANG_WARN_ENUM_CONVERSION = YES;
				CLANG_WARN_INT_CONVERSION = YES;
				CLANG_WARN_OBJC_ROOT_CLASS = YES_ERROR;
				CLANG_WARN_UNREACHABLE_CODE = YES;
				CLANG_WARN__DUPLICATE_METHOD_MATCH = YES;
				"CODE_SIGN_IDENTITY[sdk=iphoneos*]" = "iPhone Developer";
				COPY_PHASE_STRIP = NO;
				DEBUG_INFORMATION_FORMAT = dwarf;
				ENABLE_STRICT_OBJC_MSGSEND = YES;
				ENABLE_TESTABILITY = YES;
				GCC_C_LANGUAGE_STANDARD = gnu99;
				GCC_DYNAMIC_NO_PIC = NO;
				GCC_NO_COMMON_BLOCKS = YES;
				GCC_OPTIMIZATION_LEVEL = 0;
				GCC_PREPROCESSOR_DEFINITIONS = (
					"DEBUG=1",
					"$(inherited)",
				);
				GCC_WARN_64_TO_32_BIT_CONVERSION = YES;
				GCC_WARN_ABOUT_RETURN_TYPE = YES_ERROR;
				GCC_WARN_UNDECLARED_SELECTOR = YES;
				GCC_WARN_UNINITIALIZED_AUTOS = YES_AGGRESSIVE;
				GCC_WARN_UNUSED_FUNCTION = YES;
				GCC_WARN_UNUSED_VARIABLE = YES;
				IPHONEOS_DEPLOYMENT_TARGET = 9.3;
				MTL_ENABLE_DEBUG_INFO = YES;
				ONLY_ACTIVE_ARCH = YES;
				SDKROOT = iphoneos;
				SWIFT_OPTIMIZATION_LEVEL = "-Onone";
			};
			name = Debug;
		};
		D295DC0A1D1B29FC00BD74B2 /* Release */ = {
			isa = XCBuildConfiguration;
			buildSettings = {
				ALWAYS_SEARCH_USER_PATHS = NO;
				CLANG_ANALYZER_NONNULL = YES;
				CLANG_CXX_LANGUAGE_STANDARD = "gnu++0x";
				CLANG_CXX_LIBRARY = "libc++";
				CLANG_ENABLE_MODULES = YES;
				CLANG_ENABLE_OBJC_ARC = YES;
				CLANG_WARN_BOOL_CONVERSION = YES;
				CLANG_WARN_CONSTANT_CONVERSION = YES;
				CLANG_WARN_DIRECT_OBJC_ISA_USAGE = YES_ERROR;
				CLANG_WARN_EMPTY_BODY = YES;
				CLANG_WARN_ENUM_CONVERSION = YES;
				CLANG_WARN_INT_CONVERSION = YES;
				CLANG_WARN_OBJC_ROOT_CLASS = YES_ERROR;
				CLANG_WARN_UNREACHABLE_CODE = YES;
				CLANG_WARN__DUPLICATE_METHOD_MATCH = YES;
				"CODE_SIGN_IDENTITY[sdk=iphoneos*]" = "iPhone Developer";
				COPY_PHASE_STRIP = NO;
				DEBUG_INFORMATION_FORMAT = "dwarf-with-dsym";
				ENABLE_NS_ASSERTIONS = NO;
				ENABLE_STRICT_OBJC_MSGSEND = YES;
				GCC_C_LANGUAGE_STANDARD = gnu99;
				GCC_NO_COMMON_BLOCKS = YES;
				GCC_WARN_64_TO_32_BIT_CONVERSION = YES;
				GCC_WARN_ABOUT_RETURN_TYPE = YES_ERROR;
				GCC_WARN_UNDECLARED_SELECTOR = YES;
				GCC_WARN_UNINITIALIZED_AUTOS = YES_AGGRESSIVE;
				GCC_WARN_UNUSED_FUNCTION = YES;
				GCC_WARN_UNUSED_VARIABLE = YES;
				IPHONEOS_DEPLOYMENT_TARGET = 9.3;
				MTL_ENABLE_DEBUG_INFO = NO;
				SDKROOT = iphoneos;
				VALIDATE_PRODUCT = YES;
			};
			name = Release;
		};
		D295DC0C1D1B29FC00BD74B2 /* Debug */ = {
			isa = XCBuildConfiguration;
			buildSettings = {
				ASSETCATALOG_COMPILER_APPICON_NAME = AppIcon;
				CODE_SIGN_IDENTITY = "iPhone Developer";
				"CODE_SIGN_IDENTITY[sdk=iphoneos*]" = "iPhone Developer";
				INFOPLIST_FILE = MapView/Info.plist;
				LD_RUNPATH_SEARCH_PATHS = "$(inherited) @executable_path/Frameworks";
				PRODUCT_BUNDLE_IDENTIFIER = com.VCRInc.MapView;
				PRODUCT_NAME = "$(TARGET_NAME)";
				PROVISIONING_PROFILE = "";
			};
			name = Debug;
		};
		D295DC0D1D1B29FC00BD74B2 /* Release */ = {
			isa = XCBuildConfiguration;
			buildSettings = {
				ASSETCATALOG_COMPILER_APPICON_NAME = AppIcon;
				CODE_SIGN_IDENTITY = "iPhone Developer";
				"CODE_SIGN_IDENTITY[sdk=iphoneos*]" = "iPhone Developer";
				INFOPLIST_FILE = MapView/Info.plist;
				LD_RUNPATH_SEARCH_PATHS = "$(inherited) @executable_path/Frameworks";
				PRODUCT_BUNDLE_IDENTIFIER = com.VCRInc.MapView;
				PRODUCT_NAME = "$(TARGET_NAME)";
				PROVISIONING_PROFILE = "";
			};
			name = Release;
		};
/* End XCBuildConfiguration section */

/* Begin XCConfigurationList section */
		D295DBF41D1B29FB00BD74B2 /* Build configuration list for PBXProject "MapView" */ = {
			isa = XCConfigurationList;
			buildConfigurations = (
				D295DC091D1B29FC00BD74B2 /* Debug */,
				D295DC0A1D1B29FC00BD74B2 /* Release */,
			);
			defaultConfigurationIsVisible = 0;
			defaultConfigurationName = Release;
		};
		D295DC0B1D1B29FC00BD74B2 /* Build configuration list for PBXNativeTarget "MapView" */ = {
			isa = XCConfigurationList;
			buildConfigurations = (
				D295DC0C1D1B29FC00BD74B2 /* Debug */,
				D295DC0D1D1B29FC00BD74B2 /* Release */,
			);
			defaultConfigurationIsVisible = 0;
			defaultConfigurationName = Release;
		};
/* End XCConfigurationList section */
	};
	rootObject = D295DBF11D1B29FB00BD74B2 /* Project object */;
}
